// !$*UTF8*$!
{
	archiveVersion = 1;
	classes = {
	};
	objectVersion = 46;
	objects = {

/* Begin PBXBuildFile section */
		B94FA6701C930CD3005979F3 /* AppDelegate.swift in Sources */ = {isa = PBXBuildFile; fileRef = B94FA66F1C930CD3005979F3 /* AppDelegate.swift */; };
		B94FA6721C930CD3005979F3 /* ViewController.swift in Sources */ = {isa = PBXBuildFile; fileRef = B94FA6711C930CD3005979F3 /* ViewController.swift */; };
		B94FA6751C930CD3005979F3 /* Main.storyboard in Resources */ = {isa = PBXBuildFile; fileRef = B94FA6731C930CD3005979F3 /* Main.storyboard */; };
		B94FA6771C930CD3005979F3 /* Assets.xcassets in Resources */ = {isa = PBXBuildFile; fileRef = B94FA6761C930CD3005979F3 /* Assets.xcassets */; };
		B94FA67A1C930CD3005979F3 /* LaunchScreen.storyboard in Resources */ = {isa = PBXBuildFile; fileRef = B94FA6781C930CD3005979F3 /* LaunchScreen.storyboard */; };
		B94FA6851C930CD3005979F3 /* App6Tests.swift in Sources */ = {isa = PBXBuildFile; fileRef = B94FA6841C930CD3005979F3 /* App6Tests.swift */; };
		B94FA6901C930CD4005979F3 /* App6UITests.swift in Sources */ = {isa = PBXBuildFile; fileRef = B94FA68F1C930CD4005979F3 /* App6UITests.swift */; };
/* End PBXBuildFile section */

/* Begin PBXContainerItemProxy section */
		B94FA6811C930CD3005979F3 /* PBXContainerItemProxy */ = {
			isa = PBXContainerItemProxy;
			containerPortal = B94FA6641C930CD3005979F3 /* Project object */;
			proxyType = 1;
			remoteGlobalIDString = B94FA66B1C930CD3005979F3;
			remoteInfo = App6;
		};
		B94FA68C1C930CD3005979F3 /* PBXContainerItemProxy */ = {
			isa = PBXContainerItemProxy;
			containerPortal = B94FA6641C930CD3005979F3 /* Project object */;
			proxyType = 1;
			remoteGlobalIDString = B94FA66B1C930CD3005979F3;
			remoteInfo = App6;
		};
/* End PBXContainerItemProxy section */

/* Begin PBXFileReference section */
		B94FA66C1C930CD3005979F3 /* App6.app */ = {isa = PBXFileReference; explicitFileType = wrapper.application; includeInIndex = 0; path = App6.app; sourceTree = BUILT_PRODUCTS_DIR; };
		B94FA66F1C930CD3005979F3 /* AppDelegate.swift */ = {isa = PBXFileReference; lastKnownFileType = sourcecode.swift; path = AppDelegate.swift; sourceTree = "<group>"; };
		B94FA6711C930CD3005979F3 /* ViewController.swift */ = {isa = PBXFileReference; lastKnownFileType = sourcecode.swift; path = ViewController.swift; sourceTree = "<group>"; };
		B94FA6741C930CD3005979F3 /* Base */ = {isa = PBXFileReference; lastKnownFileType = file.storyboard; name = Base; path = Base.lproj/Main.storyboard; sourceTree = "<group>"; };
		B94FA6761C930CD3005979F3 /* Assets.xcassets */ = {isa = PBXFileReference; lastKnownFileType = folder.assetcatalog; path = Assets.xcassets; sourceTree = "<group>"; };
		B94FA6791C930CD3005979F3 /* Base */ = {isa = PBXFileReference; lastKnownFileType = file.storyboard; name = Base; path = Base.lproj/LaunchScreen.storyboard; sourceTree = "<group>"; };
		B94FA67B1C930CD3005979F3 /* Info.plist */ = {isa = PBXFileReference; lastKnownFileType = text.plist.xml; path = Info.plist; sourceTree = "<group>"; };
		B94FA6801C930CD3005979F3 /* App6Tests.xctest */ = {isa = PBXFileReference; explicitFileType = wrapper.cfbundle; includeInIndex = 0; path = App6Tests.xctest; sourceTree = BUILT_PRODUCTS_DIR; };
		B94FA6841C930CD3005979F3 /* App6Tests.swift */ = {isa = PBXFileReference; lastKnownFileType = sourcecode.swift; path = App6Tests.swift; sourceTree = "<group>"; };
		B94FA6861C930CD3005979F3 /* Info.plist */ = {isa = PBXFileReference; lastKnownFileType = text.plist.xml; path = Info.plist; sourceTree = "<group>"; };
		B94FA68B1C930CD3005979F3 /* App6UITests.xctest */ = {isa = PBXFileReference; explicitFileType = wrapper.cfbundle; includeInIndex = 0; path = App6UITests.xctest; sourceTree = BUILT_PRODUCTS_DIR; };
		B94FA68F1C930CD4005979F3 /* App6UITests.swift */ = {isa = PBXFileReference; lastKnownFileType = sourcecode.swift; path = App6UITests.swift; sourceTree = "<group>"; };
		B94FA6911C930CD4005979F3 /* Info.plist */ = {isa = PBXFileReference; lastKnownFileType = text.plist.xml; path = Info.plist; sourceTree = "<group>"; };
/* End PBXFileReference section */

/* Begin PBXFrameworksBuildPhase section */
		B94FA6691C930CD3005979F3 /* Frameworks */ = {
			isa = PBXFrameworksBuildPhase;
			buildActionMask = 2147483647;
			files = (
			);
			runOnlyForDeploymentPostprocessing = 0;
		};
		B94FA67D1C930CD3005979F3 /* Frameworks */ = {
			isa = PBXFrameworksBuildPhase;
			buildActionMask = 2147483647;
			files = (
			);
			runOnlyForDeploymentPostprocessing = 0;
		};
		B94FA6881C930CD3005979F3 /* Frameworks */ = {
			isa = PBXFrameworksBuildPhase;
			buildActionMask = 2147483647;
			files = (
			);
			runOnlyForDeploymentPostprocessing = 0;
		};
/* End PBXFrameworksBuildPhase section */

/* Begin PBXGroup section */
		B94FA6631C930CD3005979F3 = {
			isa = PBXGroup;
			children = (
				B94FA66E1C930CD3005979F3 /* App6 */,
				B94FA6831C930CD3005979F3 /* App6Tests */,
				B94FA68E1C930CD4005979F3 /* App6UITests */,
				B94FA66D1C930CD3005979F3 /* Products */,
			);
			sourceTree = "<group>";
		};
		B94FA66D1C930CD3005979F3 /* Products */ = {
			isa = PBXGroup;
			children = (
				B94FA66C1C930CD3005979F3 /* App6.app */,
				B94FA6801C930CD3005979F3 /* App6Tests.xctest */,
				B94FA68B1C930CD3005979F3 /* App6UITests.xctest */,
			);
			name = Products;
			sourceTree = "<group>";
		};
		B94FA66E1C930CD3005979F3 /* App6 */ = {
			isa = PBXGroup;
			children = (
				B94FA66F1C930CD3005979F3 /* AppDelegate.swift */,
				B94FA6711C930CD3005979F3 /* ViewController.swift */,
				B94FA6731C930CD3005979F3 /* Main.storyboard */,
				B94FA6761C930CD3005979F3 /* Assets.xcassets */,
				B94FA6781C930CD3005979F3 /* LaunchScreen.storyboard */,
				B94FA67B1C930CD3005979F3 /* Info.plist */,
			);
			path = App6;
			sourceTree = "<group>";
		};
		B94FA6831C930CD3005979F3 /* App6Tests */ = {
			isa = PBXGroup;
			children = (
				B94FA6841C930CD3005979F3 /* App6Tests.swift */,
				B94FA6861C930CD3005979F3 /* Info.plist */,
			);
			path = App6Tests;
			sourceTree = "<group>";
		};
		B94FA68E1C930CD4005979F3 /* App6UITests */ = {
			isa = PBXGroup;
			children = (
				B94FA68F1C930CD4005979F3 /* App6UITests.swift */,
				B94FA6911C930CD4005979F3 /* Info.plist */,
			);
			path = App6UITests;
			sourceTree = "<group>";
		};
/* End PBXGroup section */

/* Begin PBXNativeTarget section */
		B94FA66B1C930CD3005979F3 /* App6 */ = {
			isa = PBXNativeTarget;
			buildConfigurationList = B94FA6941C930CD4005979F3 /* Build configuration list for PBXNativeTarget "App6" */;
			buildPhases = (
				B94FA6681C930CD3005979F3 /* Sources */,
				B94FA6691C930CD3005979F3 /* Frameworks */,
				B94FA66A1C930CD3005979F3 /* Resources */,
			);
			buildRules = (
			);
			dependencies = (
			);
			name = App6;
			productName = App6;
			productReference = B94FA66C1C930CD3005979F3 /* App6.app */;
			productType = "com.apple.product-type.application";
		};
		B94FA67F1C930CD3005979F3 /* App6Tests */ = {
			isa = PBXNativeTarget;
			buildConfigurationList = B94FA6971C930CD4005979F3 /* Build configuration list for PBXNativeTarget "App6Tests" */;
			buildPhases = (
				B94FA67C1C930CD3005979F3 /* Sources */,
				B94FA67D1C930CD3005979F3 /* Frameworks */,
				B94FA67E1C930CD3005979F3 /* Resources */,
			);
			buildRules = (
			);
			dependencies = (
				B94FA6821C930CD3005979F3 /* PBXTargetDependency */,
			);
			name = App6Tests;
			productName = App6Tests;
			productReference = B94FA6801C930CD3005979F3 /* App6Tests.xctest */;
			productType = "com.apple.product-type.bundle.unit-test";
		};
		B94FA68A1C930CD3005979F3 /* App6UITests */ = {
			isa = PBXNativeTarget;
			buildConfigurationList = B94FA69A1C930CD4005979F3 /* Build configuration list for PBXNativeTarget "App6UITests" */;
			buildPhases = (
				B94FA6871C930CD3005979F3 /* Sources */,
				B94FA6881C930CD3005979F3 /* Frameworks */,
				B94FA6891C930CD3005979F3 /* Resources */,
			);
			buildRules = (
			);
			dependencies = (
				B94FA68D1C930CD3005979F3 /* PBXTargetDependency */,
			);
			name = App6UITests;
			productName = App6UITests;
			productReference = B94FA68B1C930CD3005979F3 /* App6UITests.xctest */;
			productType = "com.apple.product-type.bundle.ui-testing";
		};
/* End PBXNativeTarget section */

/* Begin PBXProject section */
		B94FA6641C930CD3005979F3 /* Project object */ = {
			isa = PBXProject;
			attributes = {
				LastSwiftUpdateCheck = 0720;
				LastUpgradeCheck = 0720;
				ORGANIZATIONNAME = Kipras;
				TargetAttributes = {
					B94FA66B1C930CD3005979F3 = {
						CreatedOnToolsVersion = 7.2.1;
						DevelopmentTeam = 92696P3PX5;
					};
					B94FA67F1C930CD3005979F3 = {
						CreatedOnToolsVersion = 7.2.1;
						DevelopmentTeam = 92696P3PX5;
						TestTargetID = B94FA66B1C930CD3005979F3;
					};
					B94FA68A1C930CD3005979F3 = {
						CreatedOnToolsVersion = 7.2.1;
						DevelopmentTeam = 92696P3PX5;
						TestTargetID = B94FA66B1C930CD3005979F3;
					};
				};
			};
			buildConfigurationList = B94FA6671C930CD3005979F3 /* Build configuration list for PBXProject "App6" */;
			compatibilityVersion = "Xcode 3.2";
			developmentRegion = English;
			hasScannedForEncodings = 0;
			knownRegions = (
				en,
				Base,
			);
			mainGroup = B94FA6631C930CD3005979F3;
			productRefGroup = B94FA66D1C930CD3005979F3 /* Products */;
			projectDirPath = "";
			projectRoot = "";
			targets = (
				B94FA66B1C930CD3005979F3 /* App6 */,
				B94FA67F1C930CD3005979F3 /* App6Tests */,
				B94FA68A1C930CD3005979F3 /* App6UITests */,
			);
		};
/* End PBXProject section */

/* Begin PBXResourcesBuildPhase section */
		B94FA66A1C930CD3005979F3 /* Resources */ = {
			isa = PBXResourcesBuildPhase;
			buildActionMask = 2147483647;
			files = (
				B94FA67A1C930CD3005979F3 /* LaunchScreen.storyboard in Resources */,
				B94FA6771C930CD3005979F3 /* Assets.xcassets in Resources */,
				B94FA6751C930CD3005979F3 /* Main.storyboard in Resources */,
			);
			runOnlyForDeploymentPostprocessing = 0;
		};
		B94FA67E1C930CD3005979F3 /* Resources */ = {
			isa = PBXResourcesBuildPhase;
			buildActionMask = 2147483647;
			files = (
			);
			runOnlyForDeploymentPostprocessing = 0;
		};
		B94FA6891C930CD3005979F3 /* Resources */ = {
			isa = PBXResourcesBuildPhase;
			buildActionMask = 2147483647;
			files = (
			);
			runOnlyForDeploymentPostprocessing = 0;
		};
/* End PBXResourcesBuildPhase section */

/* Begin PBXSourcesBuildPhase section */
		B94FA6681C930CD3005979F3 /* Sources */ = {
			isa = PBXSourcesBuildPhase;
			buildActionMask = 2147483647;
			files = (
				B94FA6721C930CD3005979F3 /* ViewController.swift in Sources */,
				B94FA6701C930CD3005979F3 /* AppDelegate.swift in Sources */,
			);
			runOnlyForDeploymentPostprocessing = 0;
		};
		B94FA67C1C930CD3005979F3 /* Sources */ = {
			isa = PBXSourcesBuildPhase;
			buildActionMask = 2147483647;
			files = (
				B94FA6851C930CD3005979F3 /* App6Tests.swift in Sources */,
			);
			runOnlyForDeploymentPostprocessing = 0;
		};
		B94FA6871C930CD3005979F3 /* Sources */ = {
			isa = PBXSourcesBuildPhase;
			buildActionMask = 2147483647;
			files = (
				B94FA6901C930CD4005979F3 /* App6UITests.swift in Sources */,
			);
			runOnlyForDeploymentPostprocessing = 0;
		};
/* End PBXSourcesBuildPhase section */

/* Begin PBXTargetDependency section */
		B94FA6821C930CD3005979F3 /* PBXTargetDependency */ = {
			isa = PBXTargetDependency;
			target = B94FA66B1C930CD3005979F3 /* App6 */;
			targetProxy = B94FA6811C930CD3005979F3 /* PBXContainerItemProxy */;
		};
		B94FA68D1C930CD3005979F3 /* PBXTargetDependency */ = {
			isa = PBXTargetDependency;
			target = B94FA66B1C930CD3005979F3 /* App6 */;
			targetProxy = B94FA68C1C930CD3005979F3 /* PBXContainerItemProxy */;
		};
/* End PBXTargetDependency section */

/* Begin PBXVariantGroup section */
		B94FA6731C930CD3005979F3 /* Main.storyboard */ = {
			isa = PBXVariantGroup;
			children = (
				B94FA6741C930CD3005979F3 /* Base */,
			);
			name = Main.storyboard;
			sourceTree = "<group>";
		};
		B94FA6781C930CD3005979F3 /* LaunchScreen.storyboard */ = {
			isa = PBXVariantGroup;
			children = (
				B94FA6791C930CD3005979F3 /* Base */,
			);
			name = LaunchScreen.storyboard;
			sourceTree = "<group>";
		};
/* End PBXVariantGroup section */

/* Begin XCBuildConfiguration section */
		B94FA6921C930CD4005979F3 /* Debug */ = {
			isa = XCBuildConfiguration;
			buildSettings = {
				ALWAYS_SEARCH_USER_PATHS = NO;
				CLANG_CXX_LANGUAGE_STANDARD = "gnu++0x";
				CLANG_CXX_LIBRARY = "libc++";
				CLANG_ENABLE_MODULES = YES;
				CLANG_ENABLE_OBJC_ARC = YES;
				CLANG_WARN_BOOL_CONVERSION = YES;
				CLANG_WARN_CONSTANT_CONVERSION = YES;
				CLANG_WARN_DIRECT_OBJC_ISA_USAGE = YES_ERROR;
				CLANG_WARN_EMPTY_BODY = YES;
				CLANG_WARN_ENUM_CONVERSION = YES;
				CLANG_WARN_INT_CONVERSION = YES;
				CLANG_WARN_OBJC_ROOT_CLASS = YES_ERROR;
				CLANG_WARN_UNREACHABLE_CODE = YES;
				CLANG_WARN__DUPLICATE_METHOD_MATCH = YES;
				"CODE_SIGN_IDENTITY[sdk=iphoneos*]" = "iPhone Developer";
				COPY_PHASE_STRIP = NO;
				DEBUG_INFORMATION_FORMAT = dwarf;
				ENABLE_STRICT_OBJC_MSGSEND = YES;
				ENABLE_TESTABILITY = YES;
				GCC_C_LANGUAGE_STANDARD = gnu99;
				GCC_DYNAMIC_NO_PIC = NO;
				GCC_NO_COMMON_BLOCKS = YES;
				GCC_OPTIMIZATION_LEVEL = 0;
				GCC_PREPROCESSOR_DEFINITIONS = (
					"DEBUG=1",
					"$(inherited)",
				);
				GCC_WARN_64_TO_32_BIT_CONVERSION = YES;
				GCC_WARN_ABOUT_RETURN_TYPE = YES_ERROR;
				GCC_WARN_UNDECLARED_SELECTOR = YES;
				GCC_WARN_UNINITIALIZED_AUTOS = YES_AGGRESSIVE;
				GCC_WARN_UNUSED_FUNCTION = YES;
				GCC_WARN_UNUSED_VARIABLE = YES;
				IPHONEOS_DEPLOYMENT_TARGET = 9.2;
				MTL_ENABLE_DEBUG_INFO = YES;
				ONLY_ACTIVE_ARCH = YES;
				SDKROOT = iphoneos;
				SWIFT_OPTIMIZATION_LEVEL = "-Onone";
				TARGETED_DEVICE_FAMILY = "1,2";
			};
			name = Debug;
		};
		B94FA6931C930CD4005979F3 /* Release */ = {
			isa = XCBuildConfiguration;
			buildSettings = {
				ALWAYS_SEARCH_USER_PATHS = NO;
				CLANG_CXX_LANGUAGE_STANDARD = "gnu++0x";
				CLANG_CXX_LIBRARY = "libc++";
				CLANG_ENABLE_MODULES = YES;
				CLANG_ENABLE_OBJC_ARC = YES;
				CLANG_WARN_BOOL_CONVERSION = YES;
				CLANG_WARN_CONSTANT_CONVERSION = YES;
				CLANG_WARN_DIRECT_OBJC_ISA_USAGE = YES_ERROR;
				CLANG_WARN_EMPTY_BODY = YES;
				CLANG_WARN_ENUM_CONVERSION = YES;
				CLANG_WARN_INT_CONVERSION = YES;
				CLANG_WARN_OBJC_ROOT_CLASS = YES_ERROR;
				CLANG_WARN_UNREACHABLE_CODE = YES;
				CLANG_WARN__DUPLICATE_METHOD_MATCH = YES;
				"CODE_SIGN_IDENTITY[sdk=iphoneos*]" = "iPhone Developer";
				COPY_PHASE_STRIP = NO;
				DEBUG_INFORMATION_FORMAT = "dwarf-with-dsym";
				ENABLE_NS_ASSERTIONS = NO;
				ENABLE_STRICT_OBJC_MSGSEND = YES;
				GCC_C_LANGUAGE_STANDARD = gnu99;
				GCC_NO_COMMON_BLOCKS = YES;
				GCC_WARN_64_TO_32_BIT_CONVERSION = YES;
				GCC_WARN_ABOUT_RETURN_TYPE = YES_ERROR;
				GCC_WARN_UNDECLARED_SELECTOR = YES;
				GCC_WARN_UNINITIALIZED_AUTOS = YES_AGGRESSIVE;
				GCC_WARN_UNUSED_FUNCTION = YES;
				GCC_WARN_UNUSED_VARIABLE = YES;
				IPHONEOS_DEPLOYMENT_TARGET = 9.2;
				MTL_ENABLE_DEBUG_INFO = NO;
				SDKROOT = iphoneos;
				TARGETED_DEVICE_FAMILY = "1,2";
				VALIDATE_PRODUCT = YES;
			};
			name = Release;
		};
		B94FA6951C930CD4005979F3 /* Debug */ = {
			isa = XCBuildConfiguration;
			buildSettings = {
				ASSETCATALOG_COMPILER_APPICON_NAME = AppIcon;
				INFOPLIST_FILE = App6/Info.plist;
				LD_RUNPATH_SEARCH_PATHS = "$(inherited) @executable_path/Frameworks";
				PRODUCT_BUNDLE_IDENTIFIER = Apps.App6;
				PRODUCT_NAME = "$(TARGET_NAME)";
			};
			name = Debug;
		};
		B94FA6961C930CD4005979F3 /* Release */ = {
			isa = XCBuildConfiguration;
			buildSettings = {
				ASSETCATALOG_COMPILER_APPICON_NAME = AppIcon;
				INFOPLIST_FILE = App6/Info.plist;
				LD_RUNPATH_SEARCH_PATHS = "$(inherited) @executable_path/Frameworks";
				PRODUCT_BUNDLE_IDENTIFIER = Apps.App6;
				PRODUCT_NAME = "$(TARGET_NAME)";
			};
			name = Release;
		};
		B94FA6981C930CD4005979F3 /* Debug */ = {
			isa = XCBuildConfiguration;
			buildSettings = {
				BUNDLE_LOADER = "$(TEST_HOST)";
				INFOPLIST_FILE = App6Tests/Info.plist;
				LD_RUNPATH_SEARCH_PATHS = "$(inherited) @executable_path/Frameworks @loader_path/Frameworks";
				PRODUCT_BUNDLE_IDENTIFIER = Apps.App6Tests;
				PRODUCT_NAME = "$(TARGET_NAME)";
				TEST_HOST = "$(BUILT_PRODUCTS_DIR)/App6.app/App6";
			};
			name = Debug;
		};
		B94FA6991C930CD4005979F3 /* Release */ = {
			isa = XCBuildConfiguration;
			buildSettings = {
				BUNDLE_LOADER = "$(TEST_HOST)";
				INFOPLIST_FILE = App6Tests/Info.plist;
				LD_RUNPATH_SEARCH_PATHS = "$(inherited) @executable_path/Frameworks @loader_path/Frameworks";
				PRODUCT_BUNDLE_IDENTIFIER = Apps.App6Tests;
				PRODUCT_NAME = "$(TARGET_NAME)";
				TEST_HOST = "$(BUILT_PRODUCTS_DIR)/App6.app/App6";
			};
			name = Release;
		};
		B94FA69B1C930CD4005979F3 /* Debug */ = {
			isa = XCBuildConfiguration;
			buildSettings = {
				INFOPLIST_FILE = App6UITests/Info.plist;
				LD_RUNPATH_SEARCH_PATHS = "$(inherited) @executable_path/Frameworks @loader_path/Frameworks";
				PRODUCT_BUNDLE_IDENTIFIER = Apps.App6UITests;
				PRODUCT_NAME = "$(TARGET_NAME)";
				TEST_TARGET_NAME = App6;
				USES_XCTRUNNER = YES;
			};
			name = Debug;
		};
		B94FA69C1C930CD4005979F3 /* Release */ = {
			isa = XCBuildConfiguration;
			buildSettings = {
				INFOPLIST_FILE = App6UITests/Info.plist;
				LD_RUNPATH_SEARCH_PATHS = "$(inherited) @executable_path/Frameworks @loader_path/Frameworks";
				PRODUCT_BUNDLE_IDENTIFIER = Apps.App6UITests;
				PRODUCT_NAME = "$(TARGET_NAME)";
				TEST_TARGET_NAME = App6;
				USES_XCTRUNNER = YES;
			};
			name = Release;
		};
/* End XCBuildConfiguration section */

/* Begin XCConfigurationList section */
		B94FA6671C930CD3005979F3 /* Build configuration list for PBXProject "App6" */ = {
			isa = XCConfigurationList;
			buildConfigurations = (
				B94FA6921C930CD4005979F3 /* Debug */,
				B94FA6931C930CD4005979F3 /* Release */,
			);
			defaultConfigurationIsVisible = 0;
			defaultConfigurationName = Release;
		};
		B94FA6941C930CD4005979F3 /* Build configuration list for PBXNativeTarget "App6" */ = {
			isa = XCConfigurationList;
			buildConfigurations = (
				B94FA6951C930CD4005979F3 /* Debug */,
				B94FA6961C930CD4005979F3 /* Release */,
			);
			defaultConfigurationIsVisible = 0;
		};
		B94FA6971C930CD4005979F3 /* Build configuration list for PBXNativeTarget "App6Tests" */ = {
			isa = XCConfigurationList;
			buildConfigurations = (
				B94FA6981C930CD4005979F3 /* Debug */,
				B94FA6991C930CD4005979F3 /* Release */,
			);
			defaultConfigurationIsVisible = 0;
		};
		B94FA69A1C930CD4005979F3 /* Build configuration list for PBXNativeTarget "App6UITests" */ = {
			isa = XCConfigurationList;
			buildConfigurations = (
				B94FA69B1C930CD4005979F3 /* Debug */,
				B94FA69C1C930CD4005979F3 /* Release */,
			);
			defaultConfigurationIsVisible = 0;
		};
/* End XCConfigurationList section */
	};
	rootObject = B94FA6641C930CD3005979F3 /* Project object */;
}
